
Microsoft Visual Studio Solution File, Format Version 12.00
# Visual Studio Version 17
VisualStudioVersion = 17.4.33213.308
MinimumVisualStudioVersion = 10.0.40219.1
Project("{FAE04EC0-301F-11D3-BF4B-00C04F79EFBC}") = "TemperatureWebAppMasterTesis", "TemperatureWebAppMasterTesis\TemperatureWebAppMasterTesis.csproj", "{6D6FA487-27C6-4919-904E-B8600962E147}"
EndProject
Project("{FAE04EC0-301F-11D3-BF4B-00C04F79EFBC}") = "ServerClient", "ServerClient\ServerClient.csproj", "{C7C6E7B0-559D-491E-B521-140FC0C76E98}"
EndProject
Global
	GlobalSection(SolutionConfigurationPlatforms) = preSolution
		Debug|Any CPU = Debug|Any CPU
		Release|Any CPU = Release|Any CPU
	EndGlobalSection
	GlobalSection(ProjectConfigurationPlatforms) = postSolution
		{6D6FA487-27C6-4919-904E-B8600962E147}.Debug|Any CPU.ActiveCfg = Debug|Any CPU
		{6D6FA487-27C6-4919-904E-B8600962E147}.Debug|Any CPU.Build.0 = Debug|Any CPU
		{6D6FA487-27C6-4919-904E-B8600962E147}.Release|Any CPU.ActiveCfg = Release|Any CPU
		{6D6FA487-27C6-4919-904E-B8600962E147}.Release|Any CPU.Build.0 = Release|Any CPU
		{C7C6E7B0-559D-491E-B521-140FC0C76E98}.Debug|Any CPU.ActiveCfg = Debug|Any CPU
		{C7C6E7B0-559D-491E-B521-140FC0C76E98}.Debug|Any CPU.Build.0 = Debug|Any CPU
		{C7C6E7B0-559D-491E-B521-140FC0C76E98}.Release|Any CPU.ActiveCfg = Release|Any CPU
		{C7C6E7B0-559D-491E-B521-140FC0C76E98}.Release|Any CPU.Build.0 = Release|Any CPU
	EndGlobalSection
	GlobalSection(SolutionProperties) = preSolution
		HideSolutionNode = FALSE
	EndGlobalSection
	GlobalSection(ExtensibilityGlobals) = postSolution
		SolutionGuid = {5B4F996B-8D3F-4F37-B41F-1FEFCA21C064}
	EndGlobalSection
EndGlobal
